
Microsoft Visual Studio Solution File, Format Version 12.00
# Visual Studio Version 18
VisualStudioVersion = 18.5.11723.231 stable
MinimumVisualStudioVersion = 10.0.40219.1
Project("{FAE04EC0-301F-11D3-BF4B-00C04F79EFBC}") = "Taskflow", "Taskflow.csproj", "{566E53CF-6771-41A4-9F6D-791D41B33020}"
EndProject
Project("{FAE04EC0-301F-11D3-BF4B-00C04F79EFBC}") = "TaskFlow.test", "..\..\test\TaskFlow.test\TaskFlow.test.csproj", "{4D98399A-1043-4402-BD70-2CD35A783D63}"
EndProject
Global
	GlobalSection(SolutionConfigurationPlatforms) = preSolution
		Debug|Any CPU = Debug|Any CPU
		Release|Any CPU = Release|Any CPU
	EndGlobalSection
	GlobalSection(ProjectConfigurationPlatforms) = postSolution
		{566E53CF-6771-41A4-9F6D-791D41B33020}.Debug|Any CPU.ActiveCfg = Debug|Any CPU
		{566E53CF-6771-41A4-9F6D-791D41B33020}.Debug|Any CPU.Build.0 = Debug|Any CPU
		{566E53CF-6771-41A4-9F6D-791D41B33020}.Release|Any CPU.ActiveCfg = Release|Any CPU
		{566E53CF-6771-41A4-9F6D-791D41B33020}.Release|Any CPU.Build.0 = Release|Any CPU
		{4D98399A-1043-4402-BD70-2CD35A783D63}.Debug|Any CPU.ActiveCfg = Debug|Any CPU
		{4D98399A-1043-4402-BD70-2CD35A783D63}.Debug|Any CPU.Build.0 = Debug|Any CPU
		{4D98399A-1043-4402-BD70-2CD35A783D63}.Release|Any CPU.ActiveCfg = Release|Any CPU
		{4D98399A-1043-4402-BD70-2CD35A783D63}.Release|Any CPU.Build.0 = Release|Any CPU
	EndGlobalSection
	GlobalSection(SolutionProperties) = preSolution
		HideSolutionNode = FALSE
	EndGlobalSection
	GlobalSection(ExtensibilityGlobals) = postSolution
		SolutionGuid = {7494F707-9D1F-4141-94FA-628A816AB2BC}
	EndGlobalSection
EndGlobal
